
Microsoft Visual Studio Solution File, Format Version 12.00
# Visual Studio Version 17
VisualStudioVersion = 17.8.34309.116
MinimumVisualStudioVersion = 10.0.40219.1
Project("{FAE04EC0-301F-11D3-BF4B-00C04F79EFBC}") = "CrudOperation", "CrudOperation.csproj", "{DFE1C09D-395B-480A-BE35-3C75795A5CDD}"
EndProject
Global
	GlobalSection(SolutionConfigurationPlatforms) = preSolution
		Debug|Any CPU = Debug|Any CPU
		Release|Any CPU = Release|Any CPU
	EndGlobalSection
	GlobalSection(ProjectConfigurationPlatforms) = postSolution
		{DFE1C09D-395B-480A-BE35-3C75795A5CDD}.Debug|Any CPU.ActiveCfg = Debug|Any CPU
		{DFE1C09D-395B-480A-BE35-3C75795A5CDD}.Debug|Any CPU.Build.0 = Debug|Any CPU
		{DFE1C09D-395B-480A-BE35-3C75795A5CDD}.Release|Any CPU.ActiveCfg = Release|Any CPU
		{DFE1C09D-395B-480A-BE35-3C75795A5CDD}.Release|Any CPU.Build.0 = Release|Any CPU
	EndGlobalSection
	GlobalSection(SolutionProperties) = preSolution
		HideSolutionNode = FALSE
	EndGlobalSection
	GlobalSection(ExtensibilityGlobals) = postSolution
		SolutionGuid = {1996827D-B3FB-44B3-8A17-9AE7401D3063}
	EndGlobalSection
EndGlobal
